// !$*UTF8*$!
{
	archiveVersion = 1;
	classes = {
	};
	objectVersion = 46;
	objects = {

/* Begin PBXBuildFile section */
		156592BD19ABDA0200D35199 /* CompSet.swift in Sources */ = {isa = PBXBuildFile; fileRef = 156592BC19ABDA0200D35199 /* CompSet.swift */; };
		156592BF19B3A2C800D35199 /* LiftLogViewController.swift in Sources */ = {isa = PBXBuildFile; fileRef = 156592BE19B3A2C800D35199 /* LiftLogViewController.swift */; };
		156592C119BCD2FB00D35199 /* DayLogViewController.swift in Sources */ = {isa = PBXBuildFile; fileRef = 156592C019BCD2FB00D35199 /* DayLogViewController.swift */; };
		159EA816199AE2D00006252B /* AppDelegate.swift in Sources */ = {isa = PBXBuildFile; fileRef = 159EA815199AE2D00006252B /* AppDelegate.swift */; };
		159EA819199AE2D00006252B /* WorkoutLogApp.xcdatamodeld in Sources */ = {isa = PBXBuildFile; fileRef = 159EA817199AE2D00006252B /* WorkoutLogApp.xcdatamodeld */; };
		159EA81E199AE2D00006252B /* Main.storyboard in Resources */ = {isa = PBXBuildFile; fileRef = 159EA81C199AE2D00006252B /* Main.storyboard */; };
		159EA820199AE2D00006252B /* Images.xcassets in Resources */ = {isa = PBXBuildFile; fileRef = 159EA81F199AE2D00006252B /* Images.xcassets */; };
		159EA82C199AE2D00006252B /* WorkoutLogAppTests.swift in Sources */ = {isa = PBXBuildFile; fileRef = 159EA82B199AE2D00006252B /* WorkoutLogAppTests.swift */; };
		159EA83E199AE3300006252B /* WorkoutViewController.swift in Sources */ = {isa = PBXBuildFile; fileRef = 159EA835199AE3300006252B /* WorkoutViewController.swift */; };
		159EA83F199AE3300006252B /* MyWorkoutsViewController.swift in Sources */ = {isa = PBXBuildFile; fileRef = 159EA836199AE3300006252B /* MyWorkoutsViewController.swift */; };
		159EA840199AE3300006252B /* NewWorkoutViewController.swift in Sources */ = {isa = PBXBuildFile; fileRef = 159EA837199AE3300006252B /* NewWorkoutViewController.swift */; };
		159EA841199AE3300006252B /* NewDayViewController.swift in Sources */ = {isa = PBXBuildFile; fileRef = 159EA838199AE3300006252B /* NewDayViewController.swift */; };
		159EA842199AE3300006252B /* NewExerciseViewController.swift in Sources */ = {isa = PBXBuildFile; fileRef = 159EA839199AE3300006252B /* NewExerciseViewController.swift */; };
		159EA843199AE3300006252B /* ExerciseTableViewCell.swift in Sources */ = {isa = PBXBuildFile; fileRef = 159EA83A199AE3300006252B /* ExerciseTableViewCell.swift */; };
		159EA844199AE3300006252B /* SetButton.swift in Sources */ = {isa = PBXBuildFile; fileRef = 159EA83B199AE3300006252B /* SetButton.swift */; };
		159EA845199AE3300006252B /* Lift.swift in Sources */ = {isa = PBXBuildFile; fileRef = 159EA83C199AE3300006252B /* Lift.swift */; };
		159EA846199AE3300006252B /* NameTableViewCell.swift in Sources */ = {isa = PBXBuildFile; fileRef = 159EA83D199AE3300006252B /* NameTableViewCell.swift */; };
		159EA848199AE4D90006252B /* buttonImage1.png in Resources */ = {isa = PBXBuildFile; fileRef = 159EA847199AE4D90006252B /* buttonImage1.png */; };
		159EA84A199AE4E40006252B /* buttonImage2.png in Resources */ = {isa = PBXBuildFile; fileRef = 159EA849199AE4E40006252B /* buttonImage2.png */; };
		159EA85019A41D3E0006252B /* Day.swift in Sources */ = {isa = PBXBuildFile; fileRef = 159EA84F19A41D3E0006252B /* Day.swift */; };
		159EA85219A41D640006252B /* Workout.swift in Sources */ = {isa = PBXBuildFile; fileRef = 159EA85119A41D640006252B /* Workout.swift */; };
		15C290A319A5991900C82566 /* WorkoutSummaryViewController.swift in Sources */ = {isa = PBXBuildFile; fileRef = 15C290A219A5991900C82566 /* WorkoutSummaryViewController.swift */; };
		15C290A519A59A8200C82566 /* LiftSummaryTableViewCell.swift in Sources */ = {isa = PBXBuildFile; fileRef = 15C290A419A59A8200C82566 /* LiftSummaryTableViewCell.swift */; };
		15C290A719A9159300C82566 /* LogTableViewCell.swift in Sources */ = {isa = PBXBuildFile; fileRef = 15C290A619A9159300C82566 /* LogTableViewCell.swift */; };
		15C290A919A915BB00C82566 /* LogViewController.swift in Sources */ = {isa = PBXBuildFile; fileRef = 15C290A819A915BB00C82566 /* LogViewController.swift */; };
/* End PBXBuildFile section */

/* Begin PBXContainerItemProxy section */
		159EA826199AE2D00006252B /* PBXContainerItemProxy */ = {
			isa = PBXContainerItemProxy;
			containerPortal = 159EA808199AE2CF0006252B /* Project object */;
			proxyType = 1;
			remoteGlobalIDString = 159EA80F199AE2CF0006252B;
			remoteInfo = WorkoutLogApp;
		};
/* End PBXContainerItemProxy section */

/* Begin PBXFileReference section */
		156592BC19ABDA0200D35199 /* CompSet.swift */ = {isa = PBXFileReference; fileEncoding = 4; lastKnownFileType = sourcecode.swift; path = CompSet.swift; sourceTree = "<group>"; };
		156592BE19B3A2C800D35199 /* LiftLogViewController.swift */ = {isa = PBXFileReference; fileEncoding = 4; lastKnownFileType = sourcecode.swift; path = LiftLogViewController.swift; sourceTree = "<group>"; };
		156592C019BCD2FB00D35199 /* DayLogViewController.swift */ = {isa = PBXFileReference; fileEncoding = 4; lastKnownFileType = sourcecode.swift; path = DayLogViewController.swift; sourceTree = "<group>"; };
		159EA810199AE2CF0006252B /* WorkoutLogApp.app */ = {isa = PBXFileReference; explicitFileType = wrapper.application; includeInIndex = 0; path = WorkoutLogApp.app; sourceTree = BUILT_PRODUCTS_DIR; };
		159EA814199AE2D00006252B /* Info.plist */ = {isa = PBXFileReference; lastKnownFileType = text.plist.xml; path = Info.plist; sourceTree = "<group>"; };
		159EA815199AE2D00006252B /* AppDelegate.swift */ = {isa = PBXFileReference; lastKnownFileType = sourcecode.swift; path = AppDelegate.swift; sourceTree = "<group>"; };
		159EA818199AE2D00006252B /* WorkoutLogApp.xcdatamodel */ = {isa = PBXFileReference; lastKnownFileType = wrapper.xcdatamodel; path = WorkoutLogApp.xcdatamodel; sourceTree = "<group>"; };
		159EA81D199AE2D00006252B /* Base */ = {isa = PBXFileReference; lastKnownFileType = file.storyboard; name = Base; path = Base.lproj/Main.storyboard; sourceTree = "<group>"; };
		159EA81F199AE2D00006252B /* Images.xcassets */ = {isa = PBXFileReference; lastKnownFileType = folder.assetcatalog; path = Images.xcassets; sourceTree = "<group>"; };
		159EA825199AE2D00006252B /* WorkoutLogAppTests.xctest */ = {isa = PBXFileReference; explicitFileType = wrapper.cfbundle; includeInIndex = 0; path = WorkoutLogAppTests.xctest; sourceTree = BUILT_PRODUCTS_DIR; };
		159EA82A199AE2D00006252B /* Info.plist */ = {isa = PBXFileReference; lastKnownFileType = text.plist.xml; path = Info.plist; sourceTree = "<group>"; };
		159EA82B199AE2D00006252B /* WorkoutLogAppTests.swift */ = {isa = PBXFileReference; lastKnownFileType = sourcecode.swift; path = WorkoutLogAppTests.swift; sourceTree = "<group>"; };
		159EA835199AE3300006252B /* WorkoutViewController.swift */ = {isa = PBXFileReference; fileEncoding = 4; lastKnownFileType = sourcecode.swift; path = WorkoutViewController.swift; sourceTree = "<group>"; };
		159EA836199AE3300006252B /* MyWorkoutsViewController.swift */ = {isa = PBXFileReference; fileEncoding = 4; lastKnownFileType = sourcecode.swift; path = MyWorkoutsViewController.swift; sourceTree = "<group>"; };
		159EA837199AE3300006252B /* NewWorkoutViewController.swift */ = {isa = PBXFileReference; fileEncoding = 4; lastKnownFileType = sourcecode.swift; path = NewWorkoutViewController.swift; sourceTree = "<group>"; };
		159EA838199AE3300006252B /* NewDayViewController.swift */ = {isa = PBXFileReference; fileEncoding = 4; lastKnownFileType = sourcecode.swift; path = NewDayViewController.swift; sourceTree = "<group>"; };
		159EA839199AE3300006252B /* NewExerciseViewController.swift */ = {isa = PBXFileReference; fileEncoding = 4; lastKnownFileType = sourcecode.swift; path = NewExerciseViewController.swift; sourceTree = "<group>"; };
		159EA83A199AE3300006252B /* ExerciseTableViewCell.swift */ = {isa = PBXFileReference; fileEncoding = 4; lastKnownFileType = sourcecode.swift; path = ExerciseTableViewCell.swift; sourceTree = "<group>"; };
		159EA83B199AE3300006252B /* SetButton.swift */ = {isa = PBXFileReference; fileEncoding = 4; lastKnownFileType = sourcecode.swift; path = SetButton.swift; sourceTree = "<group>"; };
		159EA83C199AE3300006252B /* Lift.swift */ = {isa = PBXFileReference; fileEncoding = 4; lastKnownFileType = sourcecode.swift; path = Lift.swift; sourceTree = "<group>"; };
		159EA83D199AE3300006252B /* NameTableViewCell.swift */ = {isa = PBXFileReference; fileEncoding = 4; lastKnownFileType = sourcecode.swift; path = NameTableViewCell.swift; sourceTree = "<group>"; };
		159EA847199AE4D90006252B /* buttonImage1.png */ = {isa = PBXFileReference; lastKnownFileType = image.png; path = buttonImage1.png; sourceTree = "<group>"; };
		159EA849199AE4E40006252B /* buttonImage2.png */ = {isa = PBXFileReference; lastKnownFileType = image.png; path = buttonImage2.png; sourceTree = "<group>"; };
		159EA84F19A41D3E0006252B /* Day.swift */ = {isa = PBXFileReference; fileEncoding = 4; lastKnownFileType = sourcecode.swift; path = Day.swift; sourceTree = "<group>"; };
		159EA85119A41D640006252B /* Workout.swift */ = {isa = PBXFileReference; fileEncoding = 4; lastKnownFileType = sourcecode.swift; path = Workout.swift; sourceTree = "<group>"; };
		15C290A219A5991900C82566 /* WorkoutSummaryViewController.swift */ = {isa = PBXFileReference; fileEncoding = 4; lastKnownFileType = sourcecode.swift; name = WorkoutSummaryViewController.swift; path = ../WorkoutSummaryViewController.swift; sourceTree = "<group>"; };
		15C290A419A59A8200C82566 /* LiftSummaryTableViewCell.swift */ = {isa = PBXFileReference; fileEncoding = 4; lastKnownFileType = sourcecode.swift; path = LiftSummaryTableViewCell.swift; sourceTree = "<group>"; };
		15C290A619A9159300C82566 /* LogTableViewCell.swift */ = {isa = PBXFileReference; fileEncoding = 4; lastKnownFileType = sourcecode.swift; path = LogTableViewCell.swift; sourceTree = "<group>"; };
		15C290A819A915BB00C82566 /* LogViewController.swift */ = {isa = PBXFileReference; fileEncoding = 4; lastKnownFileType = sourcecode.swift; path = LogViewController.swift; sourceTree = "<group>"; };
/* End PBXFileReference section */

/* Begin PBXFrameworksBuildPhase section */
		159EA80D199AE2CF0006252B /* Frameworks */ = {
			isa = PBXFrameworksBuildPhase;
			buildActionMask = 2147483647;
			files = (
			);
			runOnlyForDeploymentPostprocessing = 0;
		};
		159EA822199AE2D00006252B /* Frameworks */ = {
			isa = PBXFrameworksBuildPhase;
			buildActionMask = 2147483647;
			files = (
			);
			runOnlyForDeploymentPostprocessing = 0;
		};
/* End PBXFrameworksBuildPhase section */

/* Begin PBXGroup section */
		159EA807199AE2CF0006252B = {
			isa = PBXGroup;
			children = (
				159EA812199AE2CF0006252B /* WorkoutLogApp */,
				159EA828199AE2D00006252B /* WorkoutLogAppTests */,
				159EA811199AE2CF0006252B /* Products */,
			);
			sourceTree = "<group>";
		};
		159EA811199AE2CF0006252B /* Products */ = {
			isa = PBXGroup;
			children = (
				159EA810199AE2CF0006252B /* WorkoutLogApp.app */,
				159EA825199AE2D00006252B /* WorkoutLogAppTests.xctest */,
			);
			name = Products;
			sourceTree = "<group>";
		};
		159EA812199AE2CF0006252B /* WorkoutLogApp */ = {
			isa = PBXGroup;
			children = (
				159EA815199AE2D00006252B /* AppDelegate.swift */,
				159EA81C199AE2D00006252B /* Main.storyboard */,
				159EA835199AE3300006252B /* WorkoutViewController.swift */,
				159EA836199AE3300006252B /* MyWorkoutsViewController.swift */,
				159EA837199AE3300006252B /* NewWorkoutViewController.swift */,
				159EA838199AE3300006252B /* NewDayViewController.swift */,
				159EA839199AE3300006252B /* NewExerciseViewController.swift */,
				159EA83A199AE3300006252B /* ExerciseTableViewCell.swift */,
				159EA83B199AE3300006252B /* SetButton.swift */,
				159EA83D199AE3300006252B /* NameTableViewCell.swift */,
				15C290A219A5991900C82566 /* WorkoutSummaryViewController.swift */,
				159EA81F199AE2D00006252B /* Images.xcassets */,
				159EA817199AE2D00006252B /* WorkoutLogApp.xcdatamodeld */,
				159EA813199AE2D00006252B /* Supporting Files */,
				159EA83C199AE3300006252B /* Lift.swift */,
				159EA84F19A41D3E0006252B /* Day.swift */,
				159EA85119A41D640006252B /* Workout.swift */,
				15C290A419A59A8200C82566 /* LiftSummaryTableViewCell.swift */,
				15C290A619A9159300C82566 /* LogTableViewCell.swift */,
				15C290A819A915BB00C82566 /* LogViewController.swift */,
				156592BC19ABDA0200D35199 /* CompSet.swift */,
				156592BE19B3A2C800D35199 /* LiftLogViewController.swift */,
				156592C019BCD2FB00D35199 /* DayLogViewController.swift */,
			);
			path = WorkoutLogApp;
			sourceTree = "<group>";
		};
		159EA813199AE2D00006252B /* Supporting Files */ = {
			isa = PBXGroup;
			children = (
				159EA849199AE4E40006252B /* buttonImage2.png */,
				159EA847199AE4D90006252B /* buttonImage1.png */,
				159EA814199AE2D00006252B /* Info.plist */,
			);
			name = "Supporting Files";
			sourceTree = "<group>";
		};
		159EA828199AE2D00006252B /* WorkoutLogAppTests */ = {
			isa = PBXGroup;
			children = (
				159EA82B199AE2D00006252B /* WorkoutLogAppTests.swift */,
				159EA829199AE2D00006252B /* Supporting Files */,
			);
			path = WorkoutLogAppTests;
			sourceTree = "<group>";
		};
		159EA829199AE2D00006252B /* Supporting Files */ = {
			isa = PBXGroup;
			children = (
				159EA82A199AE2D00006252B /* Info.plist */,
			);
			name = "Supporting Files";
			sourceTree = "<group>";
		};
/* End PBXGroup section */

/* Begin PBXNativeTarget section */
		159EA80F199AE2CF0006252B /* WorkoutLogApp */ = {
			isa = PBXNativeTarget;
			buildConfigurationList = 159EA82F199AE2D00006252B /* Build configuration list for PBXNativeTarget "WorkoutLogApp" */;
			buildPhases = (
				159EA80C199AE2CF0006252B /* Sources */,
				159EA80D199AE2CF0006252B /* Frameworks */,
				159EA80E199AE2CF0006252B /* Resources */,
			);
			buildRules = (
			);
			dependencies = (
			);
			name = WorkoutLogApp;
			productName = WorkoutLogApp;
			productReference = 159EA810199AE2CF0006252B /* WorkoutLogApp.app */;
			productType = "com.apple.product-type.application";
		};
		159EA824199AE2D00006252B /* WorkoutLogAppTests */ = {
			isa = PBXNativeTarget;
			buildConfigurationList = 159EA832199AE2D00006252B /* Build configuration list for PBXNativeTarget "WorkoutLogAppTests" */;
			buildPhases = (
				159EA821199AE2D00006252B /* Sources */,
				159EA822199AE2D00006252B /* Frameworks */,
				159EA823199AE2D00006252B /* Resources */,
			);
			buildRules = (
			);
			dependencies = (
				159EA827199AE2D00006252B /* PBXTargetDependency */,
			);
			name = WorkoutLogAppTests;
			productName = WorkoutLogAppTests;
			productReference = 159EA825199AE2D00006252B /* WorkoutLogAppTests.xctest */;
			productType = "com.apple.product-type.bundle.unit-test";
		};
/* End PBXNativeTarget section */

/* Begin PBXProject section */
		159EA808199AE2CF0006252B /* Project object */ = {
			isa = PBXProject;
			attributes = {
				LastUpgradeCheck = 0600;
				ORGANIZATIONNAME = "Jeremy Francispillai";
				TargetAttributes = {
					159EA80F199AE2CF0006252B = {
						CreatedOnToolsVersion = 6.0;
					};
					159EA824199AE2D00006252B = {
						CreatedOnToolsVersion = 6.0;
						TestTargetID = 159EA80F199AE2CF0006252B;
					};
				};
			};
			buildConfigurationList = 159EA80B199AE2CF0006252B /* Build configuration list for PBXProject "WorkoutLogApp" */;
			compatibilityVersion = "Xcode 3.2";
			developmentRegion = English;
			hasScannedForEncodings = 0;
			knownRegions = (
				en,
				Base,
			);
			mainGroup = 159EA807199AE2CF0006252B;
			productRefGroup = 159EA811199AE2CF0006252B /* Products */;
			projectDirPath = "";
			projectRoot = "";
			targets = (
				159EA80F199AE2CF0006252B /* WorkoutLogApp */,
				159EA824199AE2D00006252B /* WorkoutLogAppTests */,
			);
		};
/* End PBXProject section */

/* Begin PBXResourcesBuildPhase section */
		159EA80E199AE2CF0006252B /* Resources */ = {
			isa = PBXResourcesBuildPhase;
			buildActionMask = 2147483647;
			files = (
				159EA84A199AE4E40006252B /* buttonImage2.png in Resources */,
				159EA81E199AE2D00006252B /* Main.storyboard in Resources */,
				159EA848199AE4D90006252B /* buttonImage1.png in Resources */,
				159EA820199AE2D00006252B /* Images.xcassets in Resources */,
			);
			runOnlyForDeploymentPostprocessing = 0;
		};
		159EA823199AE2D00006252B /* Resources */ = {
			isa = PBXResourcesBuildPhase;
			buildActionMask = 2147483647;
			files = (
			);
			runOnlyForDeploymentPostprocessing = 0;
		};
/* End PBXResourcesBuildPhase section */

/* Begin PBXSourcesBuildPhase section */
		159EA80C199AE2CF0006252B /* Sources */ = {
			isa = PBXSourcesBuildPhase;
			buildActionMask = 2147483647;
			files = (
				15C290A719A9159300C82566 /* LogTableViewCell.swift in Sources */,
				159EA85019A41D3E0006252B /* Day.swift in Sources */,
				159EA83E199AE3300006252B /* WorkoutViewController.swift in Sources */,
				15C290A919A915BB00C82566 /* LogViewController.swift in Sources */,
				15C290A319A5991900C82566 /* WorkoutSummaryViewController.swift in Sources */,
				159EA819199AE2D00006252B /* WorkoutLogApp.xcdatamodeld in Sources */,
				159EA845199AE3300006252B /* Lift.swift in Sources */,
				159EA842199AE3300006252B /* NewExerciseViewController.swift in Sources */,
				156592C119BCD2FB00D35199 /* DayLogViewController.swift in Sources */,
				159EA840199AE3300006252B /* NewWorkoutViewController.swift in Sources */,
				159EA85219A41D640006252B /* Workout.swift in Sources */,
				15C290A519A59A8200C82566 /* LiftSummaryTableViewCell.swift in Sources */,
				159EA846199AE3300006252B /* NameTableViewCell.swift in Sources */,
				159EA816199AE2D00006252B /* AppDelegate.swift in Sources */,
				156592BD19ABDA0200D35199 /* CompSet.swift in Sources */,
				159EA844199AE3300006252B /* SetButton.swift in Sources */,
				156592BF19B3A2C800D35199 /* LiftLogViewController.swift in Sources */,
				159EA843199AE3300006252B /* ExerciseTableViewCell.swift in Sources */,
				159EA841199AE3300006252B /* NewDayViewController.swift in Sources */,
				159EA83F199AE3300006252B /* MyWorkoutsViewController.swift in Sources */,
			);
			runOnlyForDeploymentPostprocessing = 0;
		};
		159EA821199AE2D00006252B /* Sources */ = {
			isa = PBXSourcesBuildPhase;
			buildActionMask = 2147483647;
			files = (
				159EA82C199AE2D00006252B /* WorkoutLogAppTests.swift in Sources */,
			);
			runOnlyForDeploymentPostprocessing = 0;
		};
/* End PBXSourcesBuildPhase section */

/* Begin PBXTargetDependency section */
		159EA827199AE2D00006252B /* PBXTargetDependency */ = {
			isa = PBXTargetDependency;
			target = 159EA80F199AE2CF0006252B /* WorkoutLogApp */;
			targetProxy = 159EA826199AE2D00006252B /* PBXContainerItemProxy */;
		};
/* End PBXTargetDependency section */

/* Begin PBXVariantGroup section */
		159EA81C199AE2D00006252B /* Main.storyboard */ = {
			isa = PBXVariantGroup;
			children = (
				159EA81D199AE2D00006252B /* Base */,
			);
			name = Main.storyboard;
			sourceTree = "<group>";
		};
/* End PBXVariantGroup section */

/* Begin XCBuildConfiguration section */
		159EA82D199AE2D00006252B /* Debug */ = {
			isa = XCBuildConfiguration;
			buildSettings = {
				ALWAYS_SEARCH_USER_PATHS = NO;
				CLANG_CXX_LANGUAGE_STANDARD = "gnu++0x";
				CLANG_CXX_LIBRARY = "libc++";
				CLANG_ENABLE_MODULES = YES;
				CLANG_ENABLE_OBJC_ARC = YES;
				CLANG_WARN_BOOL_CONVERSION = YES;
				CLANG_WARN_CONSTANT_CONVERSION = YES;
				CLANG_WARN_DIRECT_OBJC_ISA_USAGE = YES_ERROR;
				CLANG_WARN_EMPTY_BODY = YES;
				CLANG_WARN_ENUM_CONVERSION = YES;
				CLANG_WARN_INT_CONVERSION = YES;
				CLANG_WARN_OBJC_ROOT_CLASS = YES_ERROR;
				CLANG_WARN_UNREACHABLE_CODE = YES;
				CLANG_WARN__DUPLICATE_METHOD_MATCH = YES;
				"CODE_SIGN_IDENTITY[sdk=iphoneos*]" = "iPhone Developer";
				COPY_PHASE_STRIP = NO;
				ENABLE_STRICT_OBJC_MSGSEND = YES;
				GCC_C_LANGUAGE_STANDARD = gnu99;
				GCC_DYNAMIC_NO_PIC = NO;
				GCC_OPTIMIZATION_LEVEL = 0;
				GCC_PREPROCESSOR_DEFINITIONS = (
					"DEBUG=1",
					"$(inherited)",
				);
				GCC_SYMBOLS_PRIVATE_EXTERN = NO;
				GCC_WARN_64_TO_32_BIT_CONVERSION = YES;
				GCC_WARN_ABOUT_RETURN_TYPE = YES_ERROR;
				GCC_WARN_UNDECLARED_SELECTOR = YES;
				GCC_WARN_UNINITIALIZED_AUTOS = YES_AGGRESSIVE;
				GCC_WARN_UNUSED_FUNCTION = YES;
				GCC_WARN_UNUSED_VARIABLE = YES;
				IPHONEOS_DEPLOYMENT_TARGET = 8.0;
				MTL_ENABLE_DEBUG_INFO = YES;
				ONLY_ACTIVE_ARCH = YES;
				SDKROOT = iphoneos;
				SWIFT_OPTIMIZATION_LEVEL = "-Onone";
			};
			name = Debug;
		};
		159EA82E199AE2D00006252B /* Release */ = {
			isa = XCBuildConfiguration;
			buildSettings = {
				ALWAYS_SEARCH_USER_PATHS = NO;
				CLANG_CXX_LANGUAGE_STANDARD = "gnu++0x";
				CLANG_CXX_LIBRARY = "libc++";
				CLANG_ENABLE_MODULES = YES;
				CLANG_ENABLE_OBJC_ARC = YES;
				CLANG_WARN_BOOL_CONVERSION = YES;
				CLANG_WARN_CONSTANT_CONVERSION = YES;
				CLANG_WARN_DIRECT_OBJC_ISA_USAGE = YES_ERROR;
				CLANG_WARN_EMPTY_BODY = YES;
				CLANG_WARN_ENUM_CONVERSION = YES;
				CLANG_WARN_INT_CONVERSION = YES;
				CLANG_WARN_OBJC_ROOT_CLASS = YES_ERROR;
				CLANG_WARN_UNREACHABLE_CODE = YES;
				CLANG_WARN__DUPLICATE_METHOD_MATCH = YES;
				"CODE_SIGN_IDENTITY[sdk=iphoneos*]" = "iPhone Developer";
				COPY_PHASE_STRIP = YES;
				ENABLE_NS_ASSERTIONS = NO;
				ENABLE_STRICT_OBJC_MSGSEND = YES;
				GCC_C_LANGUAGE_STANDARD = gnu99;
				GCC_WARN_64_TO_32_BIT_CONVERSION = YES;
				GCC_WARN_ABOUT_RETURN_TYPE = YES_ERROR;
				GCC_WARN_UNDECLARED_SELECTOR = YES;
				GCC_WARN_UNINITIALIZED_AUTOS = YES_AGGRESSIVE;
				GCC_WARN_UNUSED_FUNCTION = YES;
				GCC_WARN_UNUSED_VARIABLE = YES;
				IPHONEOS_DEPLOYMENT_TARGET = 8.0;
				MTL_ENABLE_DEBUG_INFO = NO;
				SDKROOT = iphoneos;
				VALIDATE_PRODUCT = YES;
			};
			name = Release;
		};
		159EA830199AE2D00006252B /* Debug */ = {
			isa = XCBuildConfiguration;
			buildSettings = {
				ASSETCATALOG_COMPILER_APPICON_NAME = AppIcon;
				ASSETCATALOG_COMPILER_LAUNCHIMAGE_NAME = LaunchImage;
				INFOPLIST_FILE = WorkoutLogApp/Info.plist;
				LD_RUNPATH_SEARCH_PATHS = "$(inherited) @executable_path/Frameworks";
				PRODUCT_NAME = "$(TARGET_NAME)";
			};
			name = Debug;
		};
		159EA831199AE2D00006252B /* Release */ = {
			isa = XCBuildConfiguration;
			buildSettings = {
				ASSETCATALOG_COMPILER_APPICON_NAME = AppIcon;
				ASSETCATALOG_COMPILER_LAUNCHIMAGE_NAME = LaunchImage;
				INFOPLIST_FILE = WorkoutLogApp/Info.plist;
				LD_RUNPATH_SEARCH_PATHS = "$(inherited) @executable_path/Frameworks";
				PRODUCT_NAME = "$(TARGET_NAME)";
			};
			name = Release;
		};
		159EA833199AE2D00006252B /* Debug */ = {
			isa = XCBuildConfiguration;
			buildSettings = {
				BUNDLE_LOADER = "$(BUILT_PRODUCTS_DIR)/WorkoutLogApp.app/WorkoutLogApp";
				FRAMEWORK_SEARCH_PATHS = (
					"$(SDKROOT)/Developer/Library/Frameworks",
					"$(inherited)",
				);
				GCC_PREPROCESSOR_DEFINITIONS = (
					"DEBUG=1",
					"$(inherited)",
				);
				INFOPLIST_FILE = WorkoutLogAppTests/Info.plist;
				LD_RUNPATH_SEARCH_PATHS = "$(inherited) @executable_path/Frameworks @loader_path/Frameworks";
				PRODUCT_NAME = "$(TARGET_NAME)";
				TEST_HOST = "$(BUNDLE_LOADER)";
			};
			name = Debug;
		};
		159EA834199AE2D00006252B /* Release */ = {
			isa = XCBuildConfiguration;
			buildSettings = {
				BUNDLE_LOADER = "$(BUILT_PRODUCTS_DIR)/WorkoutLogApp.app/WorkoutLogApp";
				FRAMEWORK_SEARCH_PATHS = (
					"$(SDKROOT)/Developer/Library/Frameworks",
					"$(inherited)",
				);
				INFOPLIST_FILE = WorkoutLogAppTests/Info.plist;
				LD_RUNPATH_SEARCH_PATHS = "$(inherited) @executable_path/Frameworks @loader_path/Frameworks";
				PRODUCT_NAME = "$(TARGET_NAME)";
				TEST_HOST = "$(BUNDLE_LOADER)";
			};
			name = Release;
		};
/* End XCBuildConfiguration section */

/* Begin XCConfigurationList section */
		159EA80B199AE2CF0006252B /* Build configuration list for PBXProject "WorkoutLogApp" */ = {
			isa = XCConfigurationList;
			buildConfigurations = (
				159EA82D199AE2D00006252B /* Debug */,
				159EA82E199AE2D00006252B /* Release */,
			);
			defaultConfigurationIsVisible = 0;
			defaultConfigurationName = Release;
		};
		159EA82F199AE2D00006252B /* Build configuration list for PBXNativeTarget "WorkoutLogApp" */ = {
			isa = XCConfigurationList;
			buildConfigurations = (
				159EA830199AE2D00006252B /* Debug */,
				159EA831199AE2D00006252B /* Release */,
			);
			defaultConfigurationIsVisible = 0;
			defaultConfigurationName = Release;
		};
		159EA832199AE2D00006252B /* Build configuration list for PBXNativeTarget "WorkoutLogAppTests" */ = {
			isa = XCConfigurationList;
			buildConfigurations = (
				159EA833199AE2D00006252B /* Debug */,
				159EA834199AE2D00006252B /* Release */,
			);
			defaultConfigurationIsVisible = 0;
			defaultConfigurationName = Release;
		};
/* End XCConfigurationList section */

/* Begin XCVersionGroup section */
		159EA817199AE2D00006252B /* WorkoutLogApp.xcdatamodeld */ = {
			isa = XCVersionGroup;
			children = (
				159EA818199AE2D00006252B /* WorkoutLogApp.xcdatamodel */,
			);
			currentVersion = 159EA818199AE2D00006252B /* WorkoutLogApp.xcdatamodel */;
			path = WorkoutLogApp.xcdatamodeld;
			sourceTree = "<group>";
			versionGroupType = wrapper.xcdatamodel;
		};
/* End XCVersionGroup section */
	};
	rootObject = 159EA808199AE2CF0006252B /* Project object */;
}
